
Microsoft Visual Studio Solution File, Format Version 12.00
# Visual Studio Version 16
VisualStudioVersion = 16.0.30225.117
MinimumVisualStudioVersion = 10.0.40219.1
Project("{FAE04EC0-301F-11D3-BF4B-00C04F79EFBC}") = "eShop.Core", "eShop.Core\eShop.Core.csproj", "{83B5421A-FF9A-4348-8881-C1247115308B}"
EndProject
Project("{FAE04EC0-301F-11D3-BF4B-00C04F79EFBC}") = "eShop.Services", "eShop.Services\eShop.Services.csproj", "{80ABDA02-2D50-4A92-864D-F9090C52357A}"
EndProject
Project("{FAE04EC0-301F-11D3-BF4B-00C04F79EFBC}") = "eShop.DataAccess.SQL", "eShop.DataAccess.SQL\eShop.DataAccess.SQL.csproj", "{42A2650F-3086-45C1-9102-A7117E35891B}"
EndProject
Project("{FAE04EC0-301F-11D3-BF4B-00C04F79EFBC}") = "eShop.DataAccess.InMemory", "eShop.DataAccess.InMemory\eShop.DataAccess.InMemory.csproj", "{34BF934D-7422-46BF-91AA-6340CFC9B86C}"
EndProject
Project("{FAE04EC0-301F-11D3-BF4B-00C04F79EFBC}") = "eShop.WebUI", "eShop.WebUI\eShop.WebUI.csproj", "{BDA8ED51-03A1-461F-B9A7-11541EBD2ED3}"
EndProject
Project("{FAE04EC0-301F-11D3-BF4B-00C04F79EFBC}") = "eShop.WebUI.Tests", "eShop.WebUI.Tests\eShop.WebUI.Tests.csproj", "{5BC6EA70-BEDF-46EC-AB7A-EE9B11D97CC5}"
EndProject
Global
	GlobalSection(SolutionConfigurationPlatforms) = preSolution
		Debug|Any CPU = Debug|Any CPU
		Release|Any CPU = Release|Any CPU
	EndGlobalSection
	GlobalSection(ProjectConfigurationPlatforms) = postSolution
		{83B5421A-FF9A-4348-8881-C1247115308B}.Debug|Any CPU.ActiveCfg = Debug|Any CPU
		{83B5421A-FF9A-4348-8881-C1247115308B}.Debug|Any CPU.Build.0 = Debug|Any CPU
		{83B5421A-FF9A-4348-8881-C1247115308B}.Release|Any CPU.ActiveCfg = Release|Any CPU
		{83B5421A-FF9A-4348-8881-C1247115308B}.Release|Any CPU.Build.0 = Release|Any CPU
		{80ABDA02-2D50-4A92-864D-F9090C52357A}.Debug|Any CPU.ActiveCfg = Debug|Any CPU
		{80ABDA02-2D50-4A92-864D-F9090C52357A}.Debug|Any CPU.Build.0 = Debug|Any CPU
		{80ABDA02-2D50-4A92-864D-F9090C52357A}.Release|Any CPU.ActiveCfg = Release|Any CPU
		{80ABDA02-2D50-4A92-864D-F9090C52357A}.Release|Any CPU.Build.0 = Release|Any CPU
		{42A2650F-3086-45C1-9102-A7117E35891B}.Debug|Any CPU.ActiveCfg = Debug|Any CPU
		{42A2650F-3086-45C1-9102-A7117E35891B}.Debug|Any CPU.Build.0 = Debug|Any CPU
		{42A2650F-3086-45C1-9102-A7117E35891B}.Release|Any CPU.ActiveCfg = Release|Any CPU
		{42A2650F-3086-45C1-9102-A7117E35891B}.Release|Any CPU.Build.0 = Release|Any CPU
		{34BF934D-7422-46BF-91AA-6340CFC9B86C}.Debug|Any CPU.ActiveCfg = Debug|Any CPU
		{34BF934D-7422-46BF-91AA-6340CFC9B86C}.Debug|Any CPU.Build.0 = Debug|Any CPU
		{34BF934D-7422-46BF-91AA-6340CFC9B86C}.Release|Any CPU.ActiveCfg = Release|Any CPU
		{34BF934D-7422-46BF-91AA-6340CFC9B86C}.Release|Any CPU.Build.0 = Release|Any CPU
		{BDA8ED51-03A1-461F-B9A7-11541EBD2ED3}.Debug|Any CPU.ActiveCfg = Debug|Any CPU
		{BDA8ED51-03A1-461F-B9A7-11541EBD2ED3}.Debug|Any CPU.Build.0 = Debug|Any CPU
		{BDA8ED51-03A1-461F-B9A7-11541EBD2ED3}.Release|Any CPU.ActiveCfg = Release|Any CPU
		{BDA8ED51-03A1-461F-B9A7-11541EBD2ED3}.Release|Any CPU.Build.0 = Release|Any CPU
		{5BC6EA70-BEDF-46EC-AB7A-EE9B11D97CC5}.Debug|Any CPU.ActiveCfg = Debug|Any CPU
		{5BC6EA70-BEDF-46EC-AB7A-EE9B11D97CC5}.Debug|Any CPU.Build.0 = Debug|Any CPU
		{5BC6EA70-BEDF-46EC-AB7A-EE9B11D97CC5}.Release|Any CPU.ActiveCfg = Release|Any CPU
		{5BC6EA70-BEDF-46EC-AB7A-EE9B11D97CC5}.Release|Any CPU.Build.0 = Release|Any CPU
	EndGlobalSection
	GlobalSection(SolutionProperties) = preSolution
		HideSolutionNode = FALSE
	EndGlobalSection
	GlobalSection(ExtensibilityGlobals) = postSolution
		SolutionGuid = {5AFB0368-AAD8-476F-82D6-A93E7A521956}
	EndGlobalSection
EndGlobal
